
Microsoft Visual Studio Solution File, Format Version 12.00
# Visual Studio Version 17
VisualStudioVersion = 17.11.35327.3
MinimumVisualStudioVersion = 10.0.40219.1
Project("{2150E333-8FDC-42A3-9474-1A3956D46DE8}") = "src", "src", "{4CA04394-D25B-4CA6-AA11-D19F6452B1D0}"
EndProject
Project("{2150E333-8FDC-42A3-9474-1A3956D46DE8}") = "tests", "tests", "{CA817D4A-C937-4D24-B21D-AF78205A44DB}"
EndProject
Project("{9A19103F-16F7-4668-BE54-9A1E7A4F7556}") = "Meicrosoft.Customer.Domain", "src\Meicrosoft.Customer.Domain\Meicrosoft.Customer.Domain.csproj", "{0B7D4C2D-F1DB-4D4A-B563-E21DDEE1F001}"
EndProject
Project("{9A19103F-16F7-4668-BE54-9A1E7A4F7556}") = "Meicrosoft.Customer.API", "src\Meicrosoft.Customer.API\Meicrosoft.Customer.API.csproj", "{5EA97B86-E209-4183-A67C-91629030C1A3}"
EndProject
Project("{9A19103F-16F7-4668-BE54-9A1E7A4F7556}") = "Meicrosoft.Customer.Application", "src\Meicrosoft.Customer.Application\Meicrosoft.Customer.Application.csproj", "{B854CB1A-9B93-4578-B38B-B5C0DDA76D47}"
EndProject
Project("{9A19103F-16F7-4668-BE54-9A1E7A4F7556}") = "Meicrosoft.Customer.Infra", "src\Meicrosoft.Customer.Infra\Meicrosoft.Customer.Infra.csproj", "{E8434C6C-24FC-42D1-9246-CA9D90935CA2}"
EndProject
Project("{9A19103F-16F7-4668-BE54-9A1E7A4F7556}") = "Meicrosoft.Customer.IoC", "src\Meicrosoft.Customer.IoC\Meicrosoft.Customer.IoC.csproj", "{1BC414D0-6C91-4078-9D4C-DF42AD6D4C26}"
EndProject
Project("{2150E333-8FDC-42A3-9474-1A3956D46DE8}") = "docker", "docker", "{B39FD324-A41C-4FDA-BC30-01671927C93D}"
	ProjectSection(SolutionItems) = preProject
		docker\docker-compose.yml = docker\docker-compose.yml
	EndProjectSection
EndProject
Global
	GlobalSection(SolutionConfigurationPlatforms) = preSolution
		Debug|Any CPU = Debug|Any CPU
		Release|Any CPU = Release|Any CPU
	EndGlobalSection
	GlobalSection(ProjectConfigurationPlatforms) = postSolution
		{0B7D4C2D-F1DB-4D4A-B563-E21DDEE1F001}.Debug|Any CPU.ActiveCfg = Debug|Any CPU
		{0B7D4C2D-F1DB-4D4A-B563-E21DDEE1F001}.Debug|Any CPU.Build.0 = Debug|Any CPU
		{0B7D4C2D-F1DB-4D4A-B563-E21DDEE1F001}.Release|Any CPU.ActiveCfg = Release|Any CPU
		{0B7D4C2D-F1DB-4D4A-B563-E21DDEE1F001}.Release|Any CPU.Build.0 = Release|Any CPU
		{5EA97B86-E209-4183-A67C-91629030C1A3}.Debug|Any CPU.ActiveCfg = Debug|Any CPU
		{5EA97B86-E209-4183-A67C-91629030C1A3}.Debug|Any CPU.Build.0 = Debug|Any CPU
		{5EA97B86-E209-4183-A67C-91629030C1A3}.Release|Any CPU.ActiveCfg = Release|Any CPU
		{5EA97B86-E209-4183-A67C-91629030C1A3}.Release|Any CPU.Build.0 = Release|Any CPU
		{B854CB1A-9B93-4578-B38B-B5C0DDA76D47}.Debug|Any CPU.ActiveCfg = Debug|Any CPU
		{B854CB1A-9B93-4578-B38B-B5C0DDA76D47}.Debug|Any CPU.Build.0 = Debug|Any CPU
		{B854CB1A-9B93-4578-B38B-B5C0DDA76D47}.Release|Any CPU.ActiveCfg = Release|Any CPU
		{B854CB1A-9B93-4578-B38B-B5C0DDA76D47}.Release|Any CPU.Build.0 = Release|Any CPU
		{E8434C6C-24FC-42D1-9246-CA9D90935CA2}.Debug|Any CPU.ActiveCfg = Debug|Any CPU
		{E8434C6C-24FC-42D1-9246-CA9D90935CA2}.Debug|Any CPU.Build.0 = Debug|Any CPU
		{E8434C6C-24FC-42D1-9246-CA9D90935CA2}.Release|Any CPU.ActiveCfg = Release|Any CPU
		{E8434C6C-24FC-42D1-9246-CA9D90935CA2}.Release|Any CPU.Build.0 = Release|Any CPU
		{1BC414D0-6C91-4078-9D4C-DF42AD6D4C26}.Debug|Any CPU.ActiveCfg = Debug|Any CPU
		{1BC414D0-6C91-4078-9D4C-DF42AD6D4C26}.Debug|Any CPU.Build.0 = Debug|Any CPU
		{1BC414D0-6C91-4078-9D4C-DF42AD6D4C26}.Release|Any CPU.ActiveCfg = Release|Any CPU
		{1BC414D0-6C91-4078-9D4C-DF42AD6D4C26}.Release|Any CPU.Build.0 = Release|Any CPU
	EndGlobalSection
	GlobalSection(SolutionProperties) = preSolution
		HideSolutionNode = FALSE
	EndGlobalSection
	GlobalSection(NestedProjects) = preSolution
		{0B7D4C2D-F1DB-4D4A-B563-E21DDEE1F001} = {4CA04394-D25B-4CA6-AA11-D19F6452B1D0}
		{5EA97B86-E209-4183-A67C-91629030C1A3} = {4CA04394-D25B-4CA6-AA11-D19F6452B1D0}
		{B854CB1A-9B93-4578-B38B-B5C0DDA76D47} = {4CA04394-D25B-4CA6-AA11-D19F6452B1D0}
		{E8434C6C-24FC-42D1-9246-CA9D90935CA2} = {4CA04394-D25B-4CA6-AA11-D19F6452B1D0}
		{1BC414D0-6C91-4078-9D4C-DF42AD6D4C26} = {4CA04394-D25B-4CA6-AA11-D19F6452B1D0}
	EndGlobalSection
	GlobalSection(ExtensibilityGlobals) = postSolution
		SolutionGuid = {3492A5BE-20CA-49D3-B2C7-3C4081B53C9C}
	EndGlobalSection
EndGlobal
